# THIS IS AN AUTOGENERATED FILE. DO NOT EDIT THIS FILE DIRECTLY.
# yarn lockfile v1


weui-miniprogram@^1.0.5:
  version "1.0.5"
  resolved "https://registry.yarnpkg.com/weui-miniprogram/-/weui-miniprogram-1.0.5.tgz#8223958db3b4abf2496ef597733fe6cc478b300d"
  integrity sha512-w0dNYwZwt1lmeAsH/5xP/RNxBgXDNfiZ5bsvh2MPamNhwGmj1eRU5l3ojV7Ev0mYjCWxjmNvzcv4mfI0U2R5Tg==
